Microsoft Visual Studio Solution File, Format Version 12.00
# Visual Studio Version 17
VisualStudioVersion = 17.5.2.0
MinimumVisualStudioVersion = 10.0.40219.1
Project("{FAE04EC0-301F-11D3-BF4B-00C04F79EFBC}") = "LearnAboutDates", "LearnAboutDates.csproj", "{C9A6F1EF-50A0-EB47-51AE-64E69B849651}"
EndProject
Global
	GlobalSection(SolutionConfigurationPlatforms) = preSolution
		Debug|Any CPU = Debug|Any CPU
		Release|Any CPU = Release|Any CPU
	EndGlobalSection
	GlobalSection(ProjectConfigurationPlatforms) = postSolution
		{C9A6F1EF-50A0-EB47-51AE-64E69B849651}.Debug|Any CPU.ActiveCfg = Debug|Any CPU
		{C9A6F1EF-50A0-EB47-51AE-64E69B849651}.Debug|Any CPU.Build.0 = Debug|Any CPU
		{C9A6F1EF-50A0-EB47-51AE-64E69B849651}.Release|Any CPU.ActiveCfg = Release|Any CPU
		{C9A6F1EF-50A0-EB47-51AE-64E69B849651}.Release|Any CPU.Build.0 = Release|Any CPU
	EndGlobalSection
	GlobalSection(SolutionProperties) = preSolution
		HideSolutionNode = FALSE
	EndGlobalSection
	GlobalSection(ExtensibilityGlobals) = postSolution
		SolutionGuid = {6540EF2A-C114-4390-B9CD-FB4208D36A35}
	EndGlobalSection
EndGlobal
