Microsoft Visual Studio Solution File, Format Version 12.00
# Visual Studio Version 17
VisualStudioVersion = 17.5.2.0
MinimumVisualStudioVersion = 10.0.40219.1
Project("{FAE04EC0-301F-11D3-BF4B-00C04F79EFBC}") = "DotnetLists", "DotnetLists.csproj", "{AD065FCF-33A6-3ECD-9EB0-F5DA8845A9CF}"
EndProject
Global
	GlobalSection(SolutionConfigurationPlatforms) = preSolution
		Debug|Any CPU = Debug|Any CPU
		Release|Any CPU = Release|Any CPU
	EndGlobalSection
	GlobalSection(ProjectConfigurationPlatforms) = postSolution
		{AD065FCF-33A6-3ECD-9EB0-F5DA8845A9CF}.Debug|Any CPU.ActiveCfg = Debug|Any CPU
		{AD065FCF-33A6-3ECD-9EB0-F5DA8845A9CF}.Debug|Any CPU.Build.0 = Debug|Any CPU
		{AD065FCF-33A6-3ECD-9EB0-F5DA8845A9CF}.Release|Any CPU.ActiveCfg = Release|Any CPU
		{AD065FCF-33A6-3ECD-9EB0-F5DA8845A9CF}.Release|Any CPU.Build.0 = Release|Any CPU
	EndGlobalSection
	GlobalSection(SolutionProperties) = preSolution
		HideSolutionNode = FALSE
	EndGlobalSection
	GlobalSection(ExtensibilityGlobals) = postSolution
		SolutionGuid = {F8219247-BD30-426C-BAD0-022AE0166AA1}
	EndGlobalSection
EndGlobal
